// !$*UTF8*$!
{
	archiveVersion = 1;
	classes = {
	};
	objectVersion = 55;
	objects = {

/* Begin PBXBuildFile section */
		4604EF9C28571E9D000DF914 /* TopArtistsView.swift in Sources */ = {isa = PBXBuildFile; fileRef = 4604EF9B28571E9D000DF914 /* TopArtistsView.swift */; };
		4604EFA02857216F000DF914 /* TopTracksView.swift in Sources */ = {isa = PBXBuildFile; fileRef = 4604EF9F2857216F000DF914 /* TopTracksView.swift */; };
		461DCBCF2823439E009E2F7F /* UserProfileResponse.swift in Sources */ = {isa = PBXBuildFile; fileRef = 461DCBCE2823439E009E2F7F /* UserProfileResponse.swift */; };
		463FEF26281D4242005155EE /* DatabaseManager.swift in Sources */ = {isa = PBXBuildFile; fileRef = 463FEF25281D4242005155EE /* DatabaseManager.swift */; };
		463FEF2C281D60F2005155EE /* JGProgressHUD-SwiftUI in Frameworks */ = {isa = PBXBuildFile; productRef = 463FEF2B281D60F2005155EE /* JGProgressHUD-SwiftUI */; };
		46476EAB28099A8600C5B880 /* AuthResponse.swift in Sources */ = {isa = PBXBuildFile; fileRef = 46476EAA28099A8600C5B880 /* AuthResponse.swift */; };
		465B9C3528157AD500665947 /* GoogleService-Info.plist in Resources */ = {isa = PBXBuildFile; fileRef = 465B9C3428157AD500665947 /* GoogleService-Info.plist */; };
		4685CEC0285106CC00EE5376 /* SwiftyChatView.swift in Sources */ = {isa = PBXBuildFile; fileRef = 4685CEBF285106CC00EE5376 /* SwiftyChatView.swift */; };
		46EAE3FE28095F3F0061C9BB /* WebView.swift in Sources */ = {isa = PBXBuildFile; fileRef = 46EAE3FD28095F3F0061C9BB /* WebView.swift */; };
		46EAE403280961AE0061C9BB /* ExternalAccessory.framework in Frameworks */ = {isa = PBXBuildFile; fileRef = 46EAE402280961AE0061C9BB /* ExternalAccessory.framework */; };
		46ED90ED2825250B0064E5BE /* LoginView.swift in Sources */ = {isa = PBXBuildFile; fileRef = 46ED90EC2825250B0064E5BE /* LoginView.swift */; };
		46F0CC2D280D716C00BF1B4B /* APICaller.swift in Sources */ = {isa = PBXBuildFile; fileRef = 46F0CC2C280D716C00BF1B4B /* APICaller.swift */; };
		46F0CC3E280D993000BF1B4B /* SDWebImageSwiftUI in Frameworks */ = {isa = PBXBuildFile; productRef = 46F0CC3D280D993000BF1B4B /* SDWebImageSwiftUI */; };
		46F0CC42280DCAE300BF1B4B /* TopArtistsResponse.swift in Sources */ = {isa = PBXBuildFile; fileRef = 46F0CC41280DCAE300BF1B4B /* TopArtistsResponse.swift */; };
		46F0CC48280DCEED00BF1B4B /* TopTracksResponse.swift in Sources */ = {isa = PBXBuildFile; fileRef = 46F0CC47280DCEED00BF1B4B /* TopTracksResponse.swift */; };
		46F5CA6A2808C23E00D58C41 /* test_app2App.swift in Sources */ = {isa = PBXBuildFile; fileRef = 46F5CA692808C23E00D58C41 /* test_app2App.swift */; };
		46F5CA6C2808C23E00D58C41 /* MainView.swift in Sources */ = {isa = PBXBuildFile; fileRef = 46F5CA6B2808C23E00D58C41 /* MainView.swift */; };
		46F5CA6E2808C24000D58C41 /* Assets.xcassets in Resources */ = {isa = PBXBuildFile; fileRef = 46F5CA6D2808C24000D58C41 /* Assets.xcassets */; };
		46F5CA712808C24000D58C41 /* Preview Assets.xcassets in Resources */ = {isa = PBXBuildFile; fileRef = 46F5CA702808C24000D58C41 /* Preview Assets.xcassets */; };
		46F5CA782808DD0D00D58C41 /* AuthManager.swift in Sources */ = {isa = PBXBuildFile; fileRef = 46F5CA772808DD0D00D58C41 /* AuthManager.swift */; };
		46F8B3DB284C3BA800EBCD9C /* Message.swift in Sources */ = {isa = PBXBuildFile; fileRef = 46F8B3DA284C3BA800EBCD9C /* Message.swift */; };
		46F8B3DE284DF95900EBCD9C /* Extensions.swift in Sources */ = {isa = PBXBuildFile; fileRef = 46F8B3DD284DF95900EBCD9C /* Extensions.swift */; };
		46FD501E281E9D3000505CB7 /* StorageManager.swift in Sources */ = {isa = PBXBuildFile; fileRef = 46FD501D281E9D3000505CB7 /* StorageManager.swift */; };
		46FDC2D728268418002EB494 /* AppStateModel.swift in Sources */ = {isa = PBXBuildFile; fileRef = 46FDC2D628268418002EB494 /* AppStateModel.swift */; };
		9F17479C28CDBAEF0054AE20 /* Group.swift in Sources */ = {isa = PBXBuildFile; fileRef = 9F17479B28CDBAEF0054AE20 /* Group.swift */; };
		9F17479E28CDBB290054AE20 /* UserInfo.swift in Sources */ = {isa = PBXBuildFile; fileRef = 9F17479D28CDBB290054AE20 /* UserInfo.swift */; };
		9F1747BE28CF3C970054AE20 /* ArtistAnimatedIcon.swift in Sources */ = {isa = PBXBuildFile; fileRef = 9F1747BD28CF3C960054AE20 /* ArtistAnimatedIcon.swift */; };
		9F22828E28D3CE5A0050929E /* GenresAnimatedIcon.swift in Sources */ = {isa = PBXBuildFile; fileRef = 9F22828D28D3CE5A0050929E /* GenresAnimatedIcon.swift */; };
		9F2282AE28D4D45A0050929E /* ConversationGroupRow.swift in Sources */ = {isa = PBXBuildFile; fileRef = 9F2282AD28D4D45A0050929E /* ConversationGroupRow.swift */; };
		9F2282E928D6E3650050929E /* UserIconsToolbar.swift in Sources */ = {isa = PBXBuildFile; fileRef = 9F2282E828D6E3640050929E /* UserIconsToolbar.swift */; };
		9F2282EB28D6E3A50050929E /* UserIconAnimated.swift in Sources */ = {isa = PBXBuildFile; fileRef = 9F2282EA28D6E3A50050929E /* UserIconAnimated.swift */; };
		9F2282ED28D6E4EC0050929E /* UserPicInitials.swift in Sources */ = {isa = PBXBuildFile; fileRef = 9F2282EC28D6E4EC0050929E /* UserPicInitials.swift */; };
		9F5E969728EFC4AC00BBEB78 /* FirebaseAuth in Frameworks */ = {isa = PBXBuildFile; productRef = 9F5E969628EFC4AC00BBEB78 /* FirebaseAuth */; };
		9F5E969928EFC4AC00BBEB78 /* FirebaseDatabase in Frameworks */ = {isa = PBXBuildFile; productRef = 9F5E969828EFC4AC00BBEB78 /* FirebaseDatabase */; };
		9F5E969B28EFC4AC00BBEB78 /* FirebaseFunctions in Frameworks */ = {isa = PBXBuildFile; productRef = 9F5E969A28EFC4AC00BBEB78 /* FirebaseFunctions */; };
		9F60625E28F0963800320BF9 /* UserBubbles.swift in Sources */ = {isa = PBXBuildFile; fileRef = 9F60625D28F0963800320BF9 /* UserBubbles.swift */; };
		9F60629728F1190D00320BF9 /* ArtistCard.swift in Sources */ = {isa = PBXBuildFile; fileRef = 9F60629628F1190C00320BF9 /* ArtistCard.swift */; };
		9F61C85028EA4F7C00877B91 /* UserDetail.swift in Sources */ = {isa = PBXBuildFile; fileRef = 9F61C84F28EA4F7C00877B91 /* UserDetail.swift */; };
		9F61C85228EA5F0F00877B91 /* ArtistBackgroundSlideshow.swift in Sources */ = {isa = PBXBuildFile; fileRef = 9F61C85128EA5F0E00877B91 /* ArtistBackgroundSlideshow.swift */; };
		9F61C85428EB182A00877B91 /* FollowOnSpotify.swift in Sources */ = {isa = PBXBuildFile; fileRef = 9F61C85328EB182A00877B91 /* FollowOnSpotify.swift */; };
		9F61C85628EBF5B200877B91 /* CurrentUserSettings.swift in Sources */ = {isa = PBXBuildFile; fileRef = 9F61C85528EBF5B200877B91 /* CurrentUserSettings.swift */; };
		9F61C85A28EC49B600877B91 /* CurrentUserDetail.swift in Sources */ = {isa = PBXBuildFile; fileRef = 9F61C85928EC49B600877B91 /* CurrentUserDetail.swift */; };
		9F61C85C28EC4B7500877B91 /* SignOut.swift in Sources */ = {isa = PBXBuildFile; fileRef = 9F61C85B28EC4B7400877B91 /* SignOut.swift */; };
		9F61C85E28EC4B8600877B91 /* DeleteAccount.swift in Sources */ = {isa = PBXBuildFile; fileRef = 9F61C85D28EC4B8600877B91 /* DeleteAccount.swift */; };
		9F61C86028EC726600877B91 /* DM.swift in Sources */ = {isa = PBXBuildFile; fileRef = 9F61C85F28EC726600877B91 /* DM.swift */; };
		9F61C86628EDB52800877B91 /* UserIcon.swift in Sources */ = {isa = PBXBuildFile; fileRef = 9F61C86528EDB52800877B91 /* UserIcon.swift */; };
		9F9C419228CF531F009CA948 /* FindButton.swift in Sources */ = {isa = PBXBuildFile; fileRef = 9F9C419128CF531E009CA948 /* FindButton.swift */; };
		9F9C419628CF6BE4009CA948 /* Search.swift in Sources */ = {isa = PBXBuildFile; fileRef = 9F9C419528CF6BE4009CA948 /* Search.swift */; };
		9F9C419A28D13F76009CA948 /* UserCard.swift in Sources */ = {isa = PBXBuildFile; fileRef = 9F9C419928D13F76009CA948 /* UserCard.swift */; };
		9F9C419C28D1529D009CA948 /* ConversationsView.swift in Sources */ = {isa = PBXBuildFile; fileRef = 9F9C419B28D1529D009CA948 /* ConversationsView.swift */; };
		9F9C419E28D1562E009CA948 /* NewGroupButton.swift in Sources */ = {isa = PBXBuildFile; fileRef = 9F9C419D28D1562E009CA948 /* NewGroupButton.swift */; };
		9F9C41A028D17E3B009CA948 /* CreateGroup.swift in Sources */ = {isa = PBXBuildFile; fileRef = 9F9C419F28D17E3A009CA948 /* CreateGroup.swift */; };
		9F9C41A328D18AE0009CA948 /* UserCardGroupCreation.swift in Sources */ = {isa = PBXBuildFile; fileRef = 9F9C41A228D18AE0009CA948 /* UserCardGroupCreation.swift */; };
		9F9C41A528D18D44009CA948 /* UserCardViewGroupCreation.swift in Sources */ = {isa = PBXBuildFile; fileRef = 9F9C41A428D18D44009CA948 /* UserCardViewGroupCreation.swift */; };
		9FA7F86C28E5E2E7004F6A66 /* SwiftyChat in Frameworks */ = {isa = PBXBuildFile; productRef = 9FA7F86B28E5E2E7004F6A66 /* SwiftyChat */; };
		9FBFACE828CBCD3200C9F179 /* Home.swift in Sources */ = {isa = PBXBuildFile; fileRef = 9FBFACE728CBCD3200C9F179 /* Home.swift */; };
		9FCB86AC28C8AA1C00A96A50 /* PlaylistsResponse.swift in Sources */ = {isa = PBXBuildFile; fileRef = 9FCB86AB28C8AA1B00A96A50 /* PlaylistsResponse.swift */; };
		9FCB86AE28C8D0F600A96A50 /* TrackCard.swift in Sources */ = {isa = PBXBuildFile; fileRef = 9FCB86AD28C8D0F600A96A50 /* TrackCard.swift */; };
		9FD44B9628CB3E170028A408 /* UsersView.swift in Sources */ = {isa = PBXBuildFile; fileRef = 9FD44B9528CB3E170028A408 /* UsersView.swift */; };
		9FD44B9828CB683D0028A408 /* ChatButton.swift in Sources */ = {isa = PBXBuildFile; fileRef = 9FD44B9728CB683D0028A408 /* ChatButton.swift */; };
		9FD44B9A28CB7B140028A408 /* InviteButton.swift in Sources */ = {isa = PBXBuildFile; fileRef = 9FD44B9928CB7B140028A408 /* InviteButton.swift */; };
		9FD44B9C28CB7B9A0028A408 /* Bar.swift in Sources */ = {isa = PBXBuildFile; fileRef = 9FD44B9B28CB7B9A0028A408 /* Bar.swift */; };
/* End PBXBuildFile section */

/* Begin PBXFileReference section */
		4604EF9B28571E9D000DF914 /* TopArtistsView.swift */ = {isa = PBXFileReference; lastKnownFileType = sourcecode.swift; path = TopArtistsView.swift; sourceTree = "<group>"; };
		4604EF9F2857216F000DF914 /* TopTracksView.swift */ = {isa = PBXFileReference; lastKnownFileType = sourcecode.swift; path = TopTracksView.swift; sourceTree = "<group>"; };
		461DCBCE2823439E009E2F7F /* UserProfileResponse.swift */ = {isa = PBXFileReference; fileEncoding = 4; lastKnownFileType = sourcecode.swift; path = UserProfileResponse.swift; sourceTree = "<group>"; };
		463FEF25281D4242005155EE /* DatabaseManager.swift */ = {isa = PBXFileReference; indentWidth = 3; lastKnownFileType = sourcecode.swift; path = DatabaseManager.swift; sourceTree = "<group>"; };
		46476EAA28099A8600C5B880 /* AuthResponse.swift */ = {isa = PBXFileReference; lastKnownFileType = sourcecode.swift; path = AuthResponse.swift; sourceTree = "<group>"; };
		465B9C3428157AD500665947 /* GoogleService-Info.plist */ = {isa = PBXFileReference; fileEncoding = 4; lastKnownFileType = text.plist.xml; path = "GoogleService-Info.plist"; sourceTree = "<group>"; };
		4685CEBF285106CC00EE5376 /* SwiftyChatView.swift */ = {isa = PBXFileReference; lastKnownFileType = sourcecode.swift; path = SwiftyChatView.swift; sourceTree = "<group>"; };
		46EAE3FD28095F3F0061C9BB /* WebView.swift */ = {isa = PBXFileReference; lastKnownFileType = sourcecode.swift; path = WebView.swift; sourceTree = "<group>"; };
		46EAE3FF2809619D0061C9BB /* Info.plist */ = {isa = PBXFileReference; lastKnownFileType = text.plist; path = Info.plist; sourceTree = "<group>"; };
		46EAE400280961AE0061C9BB /* test-app2.entitlements */ = {isa = PBXFileReference; lastKnownFileType = text.plist.entitlements; path = "test-app2.entitlements"; sourceTree = "<group>"; };
		46EAE402280961AE0061C9BB /* ExternalAccessory.framework */ = {isa = PBXFileReference; lastKnownFileType = wrapper.framework; name = ExternalAccessory.framework; path = System/Library/Frameworks/ExternalAccessory.framework; sourceTree = SDKROOT; };
		46ED90EC2825250B0064E5BE /* LoginView.swift */ = {isa = PBXFileReference; lastKnownFileType = sourcecode.swift; path = LoginView.swift; sourceTree = "<group>"; };
		46F0CC2C280D716C00BF1B4B /* APICaller.swift */ = {isa = PBXFileReference; lastKnownFileType = sourcecode.swift; path = APICaller.swift; sourceTree = "<group>"; };
		46F0CC41280DCAE300BF1B4B /* TopArtistsResponse.swift */ = {isa = PBXFileReference; lastKnownFileType = sourcecode.swift; path = TopArtistsResponse.swift; sourceTree = "<group>"; };
		46F0CC47280DCEED00BF1B4B /* TopTracksResponse.swift */ = {isa = PBXFileReference; lastKnownFileType = sourcecode.swift; path = TopTracksResponse.swift; sourceTree = "<group>"; };
		46F5CA662808C23E00D58C41 /* test-app2.app */ = {isa = PBXFileReference; explicitFileType = wrapper.application; includeInIndex = 0; path = "test-app2.app"; sourceTree = BUILT_PRODUCTS_DIR; };
		46F5CA692808C23E00D58C41 /* test_app2App.swift */ = {isa = PBXFileReference; lastKnownFileType = sourcecode.swift; path = test_app2App.swift; sourceTree = "<group>"; };
		46F5CA6B2808C23E00D58C41 /* MainView.swift */ = {isa = PBXFileReference; lastKnownFileType = sourcecode.swift; path = MainView.swift; sourceTree = "<group>"; };
		46F5CA6D2808C24000D58C41 /* Assets.xcassets */ = {isa = PBXFileReference; lastKnownFileType = folder.assetcatalog; path = Assets.xcassets; sourceTree = "<group>"; };
		46F5CA702808C24000D58C41 /* Preview Assets.xcassets */ = {isa = PBXFileReference; lastKnownFileType = folder.assetcatalog; path = "Preview Assets.xcassets"; sourceTree = "<group>"; };
		46F5CA772808DD0D00D58C41 /* AuthManager.swift */ = {isa = PBXFileReference; lastKnownFileType = sourcecode.swift; path = AuthManager.swift; sourceTree = "<group>"; };
		46F8B3DA284C3BA800EBCD9C /* Message.swift */ = {isa = PBXFileReference; lastKnownFileType = sourcecode.swift; path = Message.swift; sourceTree = "<group>"; };
		46F8B3DD284DF95900EBCD9C /* Extensions.swift */ = {isa = PBXFileReference; lastKnownFileType = sourcecode.swift; path = Extensions.swift; sourceTree = "<group>"; };
		46FD501D281E9D3000505CB7 /* StorageManager.swift */ = {isa = PBXFileReference; lastKnownFileType = sourcecode.swift; path = StorageManager.swift; sourceTree = "<group>"; };
		46FDC2D628268418002EB494 /* AppStateModel.swift */ = {isa = PBXFileReference; lastKnownFileType = sourcecode.swift; path = AppStateModel.swift; sourceTree = "<group>"; };
		9F17479B28CDBAEF0054AE20 /* Group.swift */ = {isa = PBXFileReference; lastKnownFileType = sourcecode.swift; path = Group.swift; sourceTree = "<group>"; };
		9F17479D28CDBB290054AE20 /* UserInfo.swift */ = {isa = PBXFileReference; lastKnownFileType = sourcecode.swift; path = UserInfo.swift; sourceTree = "<group>"; };
		9F1747BD28CF3C960054AE20 /* ArtistAnimatedIcon.swift */ = {isa = PBXFileReference; lastKnownFileType = sourcecode.swift; path = ArtistAnimatedIcon.swift; sourceTree = "<group>"; };
		9F22828D28D3CE5A0050929E /* GenresAnimatedIcon.swift */ = {isa = PBXFileReference; lastKnownFileType = sourcecode.swift; path = GenresAnimatedIcon.swift; sourceTree = "<group>"; };
		9F2282AD28D4D45A0050929E /* ConversationGroupRow.swift */ = {isa = PBXFileReference; lastKnownFileType = sourcecode.swift; path = ConversationGroupRow.swift; sourceTree = "<group>"; };
		9F2282E828D6E3640050929E /* UserIconsToolbar.swift */ = {isa = PBXFileReference; lastKnownFileType = sourcecode.swift; path = UserIconsToolbar.swift; sourceTree = "<group>"; };
		9F2282EA28D6E3A50050929E /* UserIconAnimated.swift */ = {isa = PBXFileReference; lastKnownFileType = sourcecode.swift; path = UserIconAnimated.swift; sourceTree = "<group>"; };
		9F2282EC28D6E4EC0050929E /* UserPicInitials.swift */ = {isa = PBXFileReference; lastKnownFileType = sourcecode.swift; path = UserPicInitials.swift; sourceTree = "<group>"; };
		9F60625D28F0963800320BF9 /* UserBubbles.swift */ = {isa = PBXFileReference; lastKnownFileType = sourcecode.swift; path = UserBubbles.swift; sourceTree = "<group>"; };
		9F60629628F1190C00320BF9 /* ArtistCard.swift */ = {isa = PBXFileReference; lastKnownFileType = sourcecode.swift; path = ArtistCard.swift; sourceTree = "<group>"; };
		9F61C84F28EA4F7C00877B91 /* UserDetail.swift */ = {isa = PBXFileReference; lastKnownFileType = sourcecode.swift; path = UserDetail.swift; sourceTree = "<group>"; };
		9F61C85128EA5F0E00877B91 /* ArtistBackgroundSlideshow.swift */ = {isa = PBXFileReference; lastKnownFileType = sourcecode.swift; path = ArtistBackgroundSlideshow.swift; sourceTree = "<group>"; };
		9F61C85328EB182A00877B91 /* FollowOnSpotify.swift */ = {isa = PBXFileReference; lastKnownFileType = sourcecode.swift; path = FollowOnSpotify.swift; sourceTree = "<group>"; };
		9F61C85528EBF5B200877B91 /* CurrentUserSettings.swift */ = {isa = PBXFileReference; lastKnownFileType = sourcecode.swift; path = CurrentUserSettings.swift; sourceTree = "<group>"; };
		9F61C85928EC49B600877B91 /* CurrentUserDetail.swift */ = {isa = PBXFileReference; lastKnownFileType = sourcecode.swift; path = CurrentUserDetail.swift; sourceTree = "<group>"; };
		9F61C85B28EC4B7400877B91 /* SignOut.swift */ = {isa = PBXFileReference; lastKnownFileType = sourcecode.swift; path = SignOut.swift; sourceTree = "<group>"; };
		9F61C85D28EC4B8600877B91 /* DeleteAccount.swift */ = {isa = PBXFileReference; lastKnownFileType = sourcecode.swift; path = DeleteAccount.swift; sourceTree = "<group>"; };
		9F61C85F28EC726600877B91 /* DM.swift */ = {isa = PBXFileReference; lastKnownFileType = sourcecode.swift; path = DM.swift; sourceTree = "<group>"; };
		9F61C86528EDB52800877B91 /* UserIcon.swift */ = {isa = PBXFileReference; lastKnownFileType = sourcecode.swift; path = UserIcon.swift; sourceTree = "<group>"; };
		9F9C419128CF531E009CA948 /* FindButton.swift */ = {isa = PBXFileReference; lastKnownFileType = sourcecode.swift; path = FindButton.swift; sourceTree = "<group>"; };
		9F9C419528CF6BE4009CA948 /* Search.swift */ = {isa = PBXFileReference; lastKnownFileType = sourcecode.swift; path = Search.swift; sourceTree = "<group>"; };
		9F9C419928D13F76009CA948 /* UserCard.swift */ = {isa = PBXFileReference; lastKnownFileType = sourcecode.swift; path = UserCard.swift; sourceTree = "<group>"; };
		9F9C419B28D1529D009CA948 /* ConversationsView.swift */ = {isa = PBXFileReference; lastKnownFileType = sourcecode.swift; path = ConversationsView.swift; sourceTree = "<group>"; };
		9F9C419D28D1562E009CA948 /* NewGroupButton.swift */ = {isa = PBXFileReference; lastKnownFileType = sourcecode.swift; path = NewGroupButton.swift; sourceTree = "<group>"; };
		9F9C419F28D17E3A009CA948 /* CreateGroup.swift */ = {isa = PBXFileReference; lastKnownFileType = sourcecode.swift; path = CreateGroup.swift; sourceTree = "<group>"; };
		9F9C41A228D18AE0009CA948 /* UserCardGroupCreation.swift */ = {isa = PBXFileReference; lastKnownFileType = sourcecode.swift; path = UserCardGroupCreation.swift; sourceTree = "<group>"; };
		9F9C41A428D18D44009CA948 /* UserCardViewGroupCreation.swift */ = {isa = PBXFileReference; lastKnownFileType = sourcecode.swift; path = UserCardViewGroupCreation.swift; sourceTree = "<group>"; };
		9FA7F86A28E5E2CB004F6A66 /* SwiftyChat */ = {isa = PBXFileReference; lastKnownFileType = wrapper; path = SwiftyChat; sourceTree = "<group>"; };
		9FBFACE728CBCD3200C9F179 /* Home.swift */ = {isa = PBXFileReference; lastKnownFileType = sourcecode.swift; path = Home.swift; sourceTree = "<group>"; };
		9FCB86AB28C8AA1B00A96A50 /* PlaylistsResponse.swift */ = {isa = PBXFileReference; lastKnownFileType = sourcecode.swift; path = PlaylistsResponse.swift; sourceTree = "<group>"; };
		9FCB86AD28C8D0F600A96A50 /* TrackCard.swift */ = {isa = PBXFileReference; lastKnownFileType = sourcecode.swift; path = TrackCard.swift; sourceTree = "<group>"; };
		9FD44B9528CB3E170028A408 /* UsersView.swift */ = {isa = PBXFileReference; lastKnownFileType = sourcecode.swift; path = UsersView.swift; sourceTree = "<group>"; };
		9FD44B9728CB683D0028A408 /* ChatButton.swift */ = {isa = PBXFileReference; lastKnownFileType = sourcecode.swift; path = ChatButton.swift; sourceTree = "<group>"; };
		9FD44B9928CB7B140028A408 /* InviteButton.swift */ = {isa = PBXFileReference; lastKnownFileType = sourcecode.swift; path = InviteButton.swift; sourceTree = "<group>"; };
		9FD44B9B28CB7B9A0028A408 /* Bar.swift */ = {isa = PBXFileReference; lastKnownFileType = sourcecode.swift; path = Bar.swift; sourceTree = "<group>"; };
/* End PBXFileReference section */

/* Begin PBXFrameworksBuildPhase section */
		46F5CA632808C23E00D58C41 /* Frameworks */ = {
			isa = PBXFrameworksBuildPhase;
			buildActionMask = 2147483647;
			files = (
				9FA7F86C28E5E2E7004F6A66 /* SwiftyChat in Frameworks */,
				9F5E969728EFC4AC00BBEB78 /* FirebaseAuth in Frameworks */,
				9F5E969B28EFC4AC00BBEB78 /* FirebaseFunctions in Frameworks */,
				46F0CC3E280D993000BF1B4B /* SDWebImageSwiftUI in Frameworks */,
				46EAE403280961AE0061C9BB /* ExternalAccessory.framework in Frameworks */,
				9F5E969928EFC4AC00BBEB78 /* FirebaseDatabase in Frameworks */,
				463FEF2C281D60F2005155EE /* JGProgressHUD-SwiftUI in Frameworks */,
			);
			runOnlyForDeploymentPostprocessing = 0;
		};
/* End PBXFrameworksBuildPhase section */

/* Begin PBXGroup section */
		461DCBD228236F97009E2F7F /* Views */ = {
			isa = PBXGroup;
			children = (
				46F5CA6B2808C23E00D58C41 /* MainView.swift */,
				9FBFACE728CBCD3200C9F179 /* Home.swift */,
				46ED90EC2825250B0064E5BE /* LoginView.swift */,
				9FD44B9528CB3E170028A408 /* UsersView.swift */,
				4604EF9B28571E9D000DF914 /* TopArtistsView.swift */,
				4604EF9F2857216F000DF914 /* TopTracksView.swift */,
				9FCB86AD28C8D0F600A96A50 /* TrackCard.swift */,
				9F9C419928D13F76009CA948 /* UserCard.swift */,
				9F60629628F1190C00320BF9 /* ArtistCard.swift */,
				9F61C84F28EA4F7C00877B91 /* UserDetail.swift */,
				9F61C85928EC49B600877B91 /* CurrentUserDetail.swift */,
				9F2282EC28D6E4EC0050929E /* UserPicInitials.swift */,
				9F9C419528CF6BE4009CA948 /* Search.swift */,
				9F1747BD28CF3C960054AE20 /* ArtistAnimatedIcon.swift */,
				9F61C85128EA5F0E00877B91 /* ArtistBackgroundSlideshow.swift */,
				9F22828D28D3CE5A0050929E /* GenresAnimatedIcon.swift */,
				9FD44B9B28CB7B9A0028A408 /* Bar.swift */,
				46EAE3FD28095F3F0061C9BB /* WebView.swift */,
				9F2282C928D630810050929E /* Chat */,
				9F22828C28D3CB910050929E /* Conversation */,
				9F22828728D23DCF0050929E /* Buttons */,
				9F9C41A128D18A52009CA948 /* CreateGroup */,
			);
			path = Views;
			sourceTree = "<group>";
		};
		461DCBD328236FC5009E2F7F /* Models */ = {
			isa = PBXGroup;
			children = (
				46476EAA28099A8600C5B880 /* AuthResponse.swift */,
				46F0CC41280DCAE300BF1B4B /* TopArtistsResponse.swift */,
				46F0CC47280DCEED00BF1B4B /* TopTracksResponse.swift */,
				461DCBCE2823439E009E2F7F /* UserProfileResponse.swift */,
				46F8B3DA284C3BA800EBCD9C /* Message.swift */,
				9FCB86AB28C8AA1B00A96A50 /* PlaylistsResponse.swift */,
			);
			path = Models;
			sourceTree = "<group>";
		};
		461DCBD62823712A009E2F7F /* Spotify */ = {
			isa = PBXGroup;
			children = (
				46F0CC2C280D716C00BF1B4B /* APICaller.swift */,
			);
			path = Spotify;
			sourceTree = "<group>";
		};
		461DCBD72823714B009E2F7F /* Managers */ = {
			isa = PBXGroup;
			children = (
				463FEF25281D4242005155EE /* DatabaseManager.swift */,
				46FD501D281E9D3000505CB7 /* StorageManager.swift */,
				46F5CA772808DD0D00D58C41 /* AuthManager.swift */,
			);
			path = Managers;
			sourceTree = "<group>";
		};
		46EAE401280961AE0061C9BB /* Frameworks */ = {
			isa = PBXGroup;
			children = (
				46EAE402280961AE0061C9BB /* ExternalAccessory.framework */,
			);
			name = Frameworks;
			sourceTree = "<group>";
		};
		46ED90E72825186F0064E5BE /* ViewModels */ = {
			isa = PBXGroup;
			children = (
				46FDC2D628268418002EB494 /* AppStateModel.swift */,
			);
			path = ViewModels;
			sourceTree = "<group>";
		};
		46F5CA5D2808C23E00D58C41 = {
			isa = PBXGroup;
			children = (
				9FA7F86528E5DCEC004F6A66 /* Packages */,
				46F5CA682808C23E00D58C41 /* test-app2 */,
				46F5CA672808C23E00D58C41 /* Products */,
				46EAE401280961AE0061C9BB /* Frameworks */,
			);
			sourceTree = "<group>";
		};
		46F5CA672808C23E00D58C41 /* Products */ = {
			isa = PBXGroup;
			children = (
				46F5CA662808C23E00D58C41 /* test-app2.app */,
			);
			name = Products;
			sourceTree = "<group>";
		};
		46F5CA682808C23E00D58C41 /* test-app2 */ = {
			isa = PBXGroup;
			children = (
				46EAE400280961AE0061C9BB /* test-app2.entitlements */,
				46EAE3FF2809619D0061C9BB /* Info.plist */,
				465B9C3428157AD500665947 /* GoogleService-Info.plist */,
				46F8B3DC284DF93B00EBCD9C /* Resources */,
				46F5CA692808C23E00D58C41 /* test_app2App.swift */,
				46F8B3DD284DF95900EBCD9C /* Extensions.swift */,
				9F17479A28CDBAB50054AE20 /* Firebase  */,
				461DCBD62823712A009E2F7F /* Spotify */,
				461DCBD72823714B009E2F7F /* Managers */,
				461DCBD328236FC5009E2F7F /* Models */,
				461DCBD228236F97009E2F7F /* Views */,
				46ED90E72825186F0064E5BE /* ViewModels */,
				46F5CA6F2808C24000D58C41 /* Preview Content */,
			);
			path = "test-app2";
			sourceTree = "<group>";
		};
		46F5CA6F2808C24000D58C41 /* Preview Content */ = {
			isa = PBXGroup;
			children = (
				46F5CA702808C24000D58C41 /* Preview Assets.xcassets */,
			);
			path = "Preview Content";
			sourceTree = "<group>";
		};
		46F8B3DC284DF93B00EBCD9C /* Resources */ = {
			isa = PBXGroup;
			children = (
				46F5CA6D2808C24000D58C41 /* Assets.xcassets */,
			);
			path = Resources;
			sourceTree = "<group>";
		};
		9F17479A28CDBAB50054AE20 /* Firebase  */ = {
			isa = PBXGroup;
			children = (
				9F17479B28CDBAEF0054AE20 /* Group.swift */,
				9F17479D28CDBB290054AE20 /* UserInfo.swift */,
			);
			path = "Firebase ";
			sourceTree = "<group>";
		};
		9F22828728D23DCF0050929E /* Buttons */ = {
			isa = PBXGroup;
			children = (
				9FD44B9728CB683D0028A408 /* ChatButton.swift */,
				9F9C419128CF531E009CA948 /* FindButton.swift */,
				9FD44B9928CB7B140028A408 /* InviteButton.swift */,
				9F9C419D28D1562E009CA948 /* NewGroupButton.swift */,
				9F61C85328EB182A00877B91 /* FollowOnSpotify.swift */,
				9F61C85528EBF5B200877B91 /* CurrentUserSettings.swift */,
				9F61C85B28EC4B7400877B91 /* SignOut.swift */,
				9F61C85D28EC4B8600877B91 /* DeleteAccount.swift */,
				9F61C85F28EC726600877B91 /* DM.swift */,
			);
			path = Buttons;
			sourceTree = "<group>";
		};
		9F22828C28D3CB910050929E /* Conversation */ = {
			isa = PBXGroup;
			children = (
				9F9C419B28D1529D009CA948 /* ConversationsView.swift */,
				9F2282AD28D4D45A0050929E /* ConversationGroupRow.swift */,
				9F60625D28F0963800320BF9 /* UserBubbles.swift */,
			);
			path = Conversation;
			sourceTree = "<group>";
		};
		9F2282C928D630810050929E /* Chat */ = {
			isa = PBXGroup;
			children = (
				9F2282E828D6E3640050929E /* UserIconsToolbar.swift */,
				9F2282EA28D6E3A50050929E /* UserIconAnimated.swift */,
				9F61C86528EDB52800877B91 /* UserIcon.swift */,
				4685CEBF285106CC00EE5376 /* SwiftyChatView.swift */,
			);
			path = Chat;
			sourceTree = "<group>";
		};
		9F9C41A128D18A52009CA948 /* CreateGroup */ = {
			isa = PBXGroup;
			children = (
				9F9C419F28D17E3A009CA948 /* CreateGroup.swift */,
				9F9C41A428D18D44009CA948 /* UserCardViewGroupCreation.swift */,
				9F9C41A228D18AE0009CA948 /* UserCardGroupCreation.swift */,
			);
			path = CreateGroup;
			sourceTree = "<group>";
		};
		9FA7F86528E5DCEC004F6A66 /* Packages */ = {
			isa = PBXGroup;
			children = (
				9FA7F86A28E5E2CB004F6A66 /* SwiftyChat */,
			);
			name = Packages;
			sourceTree = "<group>";
		};
/* End PBXGroup section */

/* Begin PBXNativeTarget section */
		46F5CA652808C23E00D58C41 /* test-app2 */ = {
			isa = PBXNativeTarget;
			buildConfigurationList = 46F5CA742808C24000D58C41 /* Build configuration list for PBXNativeTarget "test-app2" */;
			buildPhases = (
				46F5CA622808C23E00D58C41 /* Sources */,
				46F5CA632808C23E00D58C41 /* Frameworks */,
				46F5CA642808C23E00D58C41 /* Resources */,
			);
			buildRules = (
			);
			dependencies = (
			);
			name = "test-app2";
			packageProductDependencies = (
				46F0CC3D280D993000BF1B4B /* SDWebImageSwiftUI */,
				463FEF2B281D60F2005155EE /* JGProgressHUD-SwiftUI */,
				9FA7F86B28E5E2E7004F6A66 /* SwiftyChat */,
				9F5E969628EFC4AC00BBEB78 /* FirebaseAuth */,
				9F5E969828EFC4AC00BBEB78 /* FirebaseDatabase */,
				9F5E969A28EFC4AC00BBEB78 /* FirebaseFunctions */,
			);
			productName = "test-app2";
			productReference = 46F5CA662808C23E00D58C41 /* test-app2.app */;
			productType = "com.apple.product-type.application";
		};
/* End PBXNativeTarget section */

/* Begin PBXProject section */
		46F5CA5E2808C23E00D58C41 /* Project object */ = {
			isa = PBXProject;
			attributes = {
				BuildIndependentTargetsInParallel = 1;
				KnownAssetTags = (
					New,
				);
				LastSwiftUpdateCheck = 1330;
				LastUpgradeCheck = 1330;
				TargetAttributes = {
					46F5CA652808C23E00D58C41 = {
						CreatedOnToolsVersion = 13.3.1;
					};
				};
			};
			buildConfigurationList = 46F5CA612808C23E00D58C41 /* Build configuration list for PBXProject "test-app2" */;
			compatibilityVersion = "Xcode 13.0";
			developmentRegion = en;
			hasScannedForEncodings = 0;
			knownRegions = (
				en,
				Base,
			);
			mainGroup = 46F5CA5D2808C23E00D58C41;
			packageReferences = (
				46F0CC3C280D993000BF1B4B /* XCRemoteSwiftPackageReference "SDWebImageSwiftUI" */,
				463FEF2A281D60F2005155EE /* XCRemoteSwiftPackageReference "JGProgressHUD-SwiftUI" */,
				9F5E969528EFC4AC00BBEB78 /* XCRemoteSwiftPackageReference "firebase-ios-sdk" */,
			);
			productRefGroup = 46F5CA672808C23E00D58C41 /* Products */;
			projectDirPath = "";
			projectRoot = "";
			targets = (
				46F5CA652808C23E00D58C41 /* test-app2 */,
			);
		};
/* End PBXProject section */

/* Begin PBXResourcesBuildPhase section */
		46F5CA642808C23E00D58C41 /* Resources */ = {
			isa = PBXResourcesBuildPhase;
			buildActionMask = 2147483647;
			files = (
				46F5CA712808C24000D58C41 /* Preview Assets.xcassets in Resources */,
				46F5CA6E2808C24000D58C41 /* Assets.xcassets in Resources */,
				465B9C3528157AD500665947 /* GoogleService-Info.plist in Resources */,
			);
			runOnlyForDeploymentPostprocessing = 0;
		};
/* End PBXResourcesBuildPhase section */

/* Begin PBXSourcesBuildPhase section */
		46F5CA622808C23E00D58C41 /* Sources */ = {
			isa = PBXSourcesBuildPhase;
			buildActionMask = 2147483647;
			files = (
				9F9C419A28D13F76009CA948 /* UserCard.swift in Sources */,
				9F61C85028EA4F7C00877B91 /* UserDetail.swift in Sources */,
				9F2282EB28D6E3A50050929E /* UserIconAnimated.swift in Sources */,
				46F0CC48280DCEED00BF1B4B /* TopTracksResponse.swift in Sources */,
				463FEF26281D4242005155EE /* DatabaseManager.swift in Sources */,
				9F2282E928D6E3650050929E /* UserIconsToolbar.swift in Sources */,
				9F9C41A328D18AE0009CA948 /* UserCardGroupCreation.swift in Sources */,
				9F61C86028EC726600877B91 /* DM.swift in Sources */,
				461DCBCF2823439E009E2F7F /* UserProfileResponse.swift in Sources */,
				46F5CA6C2808C23E00D58C41 /* MainView.swift in Sources */,
				4685CEC0285106CC00EE5376 /* SwiftyChatView.swift in Sources */,
				9FBFACE828CBCD3200C9F179 /* Home.swift in Sources */,
				9F9C41A528D18D44009CA948 /* UserCardViewGroupCreation.swift in Sources */,
				9F9C419228CF531F009CA948 /* FindButton.swift in Sources */,
				46F0CC2D280D716C00BF1B4B /* APICaller.swift in Sources */,
				9F61C85E28EC4B8600877B91 /* DeleteAccount.swift in Sources */,
				9F9C41A028D17E3B009CA948 /* CreateGroup.swift in Sources */,
				46EAE3FE28095F3F0061C9BB /* WebView.swift in Sources */,
				9F17479C28CDBAEF0054AE20 /* Group.swift in Sources */,
				46ED90ED2825250B0064E5BE /* LoginView.swift in Sources */,
				9F61C85428EB182A00877B91 /* FollowOnSpotify.swift in Sources */,
				9F9C419C28D1529D009CA948 /* ConversationsView.swift in Sources */,
				46F8B3DB284C3BA800EBCD9C /* Message.swift in Sources */,
				9FD44B9628CB3E170028A408 /* UsersView.swift in Sources */,
				9F9C419628CF6BE4009CA948 /* Search.swift in Sources */,
				9F2282ED28D6E4EC0050929E /* UserPicInitials.swift in Sources */,
				9FD44B9A28CB7B140028A408 /* InviteButton.swift in Sources */,
				9F61C85A28EC49B600877B91 /* CurrentUserDetail.swift in Sources */,
				9F60629728F1190D00320BF9 /* ArtistCard.swift in Sources */,
				46F5CA782808DD0D00D58C41 /* AuthManager.swift in Sources */,
				46476EAB28099A8600C5B880 /* AuthResponse.swift in Sources */,
				46F8B3DE284DF95900EBCD9C /* Extensions.swift in Sources */,
				4604EF9C28571E9D000DF914 /* TopArtistsView.swift in Sources */,
				9F61C85C28EC4B7500877B91 /* SignOut.swift in Sources */,
				9FCB86AE28C8D0F600A96A50 /* TrackCard.swift in Sources */,
				9FD44B9828CB683D0028A408 /* ChatButton.swift in Sources */,
				9F22828E28D3CE5A0050929E /* GenresAnimatedIcon.swift in Sources */,
				9F61C85628EBF5B200877B91 /* CurrentUserSettings.swift in Sources */,
				9F17479E28CDBB290054AE20 /* UserInfo.swift in Sources */,
				9F61C85228EA5F0F00877B91 /* ArtistBackgroundSlideshow.swift in Sources */,
				46F5CA6A2808C23E00D58C41 /* test_app2App.swift in Sources */,
				9F2282AE28D4D45A0050929E /* ConversationGroupRow.swift in Sources */,
				4604EFA02857216F000DF914 /* TopTracksView.swift in Sources */,
				9FD44B9C28CB7B9A0028A408 /* Bar.swift in Sources */,
				9F9C419E28D1562E009CA948 /* NewGroupButton.swift in Sources */,
				9FCB86AC28C8AA1C00A96A50 /* PlaylistsResponse.swift in Sources */,
				9F60625E28F0963800320BF9 /* UserBubbles.swift in Sources */,
				46F0CC42280DCAE300BF1B4B /* TopArtistsResponse.swift in Sources */,
				46FDC2D728268418002EB494 /* AppStateModel.swift in Sources */,
				9F1747BE28CF3C970054AE20 /* ArtistAnimatedIcon.swift in Sources */,
				9F61C86628EDB52800877B91 /* UserIcon.swift in Sources */,
				46FD501E281E9D3000505CB7 /* StorageManager.swift in Sources */,
			);
			runOnlyForDeploymentPostprocessing = 0;
		};
/* End PBXSourcesBuildPhase section */

/* Begin XCBuildConfiguration section */
		46F5CA722808C24000D58C41 /* Debug */ = {
			isa = XCBuildConfiguration;
			buildSettings = {
				ALWAYS_SEARCH_USER_PATHS = NO;
				CLANG_ANALYZER_NONNULL = YES;
				CLANG_ANALYZER_NUMBER_OBJECT_CONVERSION = YES_AGGRESSIVE;
				CLANG_CXX_LANGUAGE_STANDARD = "gnu++17";
				CLANG_ENABLE_MODULES = YES;
				CLANG_ENABLE_OBJC_ARC = YES;
				CLANG_ENABLE_OBJC_WEAK = YES;
				CLANG_WARN_BLOCK_CAPTURE_AUTORELEASING = YES;
				CLANG_WARN_BOOL_CONVERSION = YES;
				CLANG_WARN_COMMA = YES;
				CLANG_WARN_CONSTANT_CONVERSION = YES;
				CLANG_WARN_DEPRECATED_OBJC_IMPLEMENTATIONS = YES;
				CLANG_WARN_DIRECT_OBJC_ISA_USAGE = YES_ERROR;
				CLANG_WARN_DOCUMENTATION_COMMENTS = YES;
				CLANG_WARN_EMPTY_BODY = YES;
				CLANG_WARN_ENUM_CONVERSION = YES;
				CLANG_WARN_INFINITE_RECURSION = YES;
				CLANG_WARN_INT_CONVERSION = YES;
				CLANG_WARN_NON_LITERAL_NULL_CONVERSION = YES;
				CLANG_WARN_OBJC_IMPLICIT_RETAIN_SELF = YES;
				CLANG_WARN_OBJC_LITERAL_CONVERSION = YES;
				CLANG_WARN_OBJC_ROOT_CLASS = YES_ERROR;
				CLANG_WARN_QUOTED_INCLUDE_IN_FRAMEWORK_HEADER = YES;
				CLANG_WARN_RANGE_LOOP_ANALYSIS = YES;
				CLANG_WARN_STRICT_PROTOTYPES = YES;
				CLANG_WARN_SUSPICIOUS_MOVE = YES;
				CLANG_WARN_UNGUARDED_AVAILABILITY = YES_AGGRESSIVE;
				CLANG_WARN_UNREACHABLE_CODE = YES;
				CLANG_WARN__DUPLICATE_METHOD_MATCH = YES;
				COPY_PHASE_STRIP = NO;
				DEBUG_INFORMATION_FORMAT = dwarf;
				ENABLE_STRICT_OBJC_MSGSEND = YES;
				ENABLE_TESTABILITY = YES;
				GCC_C_LANGUAGE_STANDARD = gnu11;
				GCC_DYNAMIC_NO_PIC = NO;
				GCC_NO_COMMON_BLOCKS = YES;
				GCC_OPTIMIZATION_LEVEL = 0;
				GCC_PREPROCESSOR_DEFINITIONS = (
					"DEBUG=1",
					"$(inherited)",
				);
				GCC_WARN_64_TO_32_BIT_CONVERSION = YES;
				GCC_WARN_ABOUT_RETURN_TYPE = YES_ERROR;
				GCC_WARN_UNDECLARED_SELECTOR = YES;
				GCC_WARN_UNINITIALIZED_AUTOS = YES_AGGRESSIVE;
				GCC_WARN_UNUSED_FUNCTION = YES;
				GCC_WARN_UNUSED_VARIABLE = YES;
				IPHONEOS_DEPLOYMENT_TARGET = 15.5;
				MTL_ENABLE_DEBUG_INFO = INCLUDE_SOURCE;
				MTL_FAST_MATH = YES;
				ONLY_ACTIVE_ARCH = YES;
				SDKROOT = iphoneos;
				SWIFT_ACTIVE_COMPILATION_CONDITIONS = DEBUG;
				SWIFT_OPTIMIZATION_LEVEL = "-Onone";
			};
			name = Debug;
		};
		46F5CA732808C24000D58C41 /* Release */ = {
			isa = XCBuildConfiguration;
			buildSettings = {
				ALWAYS_SEARCH_USER_PATHS = NO;
				CLANG_ANALYZER_NONNULL = YES;
				CLANG_ANALYZER_NUMBER_OBJECT_CONVERSION = YES_AGGRESSIVE;
				CLANG_CXX_LANGUAGE_STANDARD = "gnu++17";
				CLANG_ENABLE_MODULES = YES;
				CLANG_ENABLE_OBJC_ARC = YES;
				CLANG_ENABLE_OBJC_WEAK = YES;
				CLANG_WARN_BLOCK_CAPTURE_AUTORELEASING = YES;
				CLANG_WARN_BOOL_CONVERSION = YES;
				CLANG_WARN_COMMA = YES;
				CLANG_WARN_CONSTANT_CONVERSION = YES;
				CLANG_WARN_DEPRECATED_OBJC_IMPLEMENTATIONS = YES;
				CLANG_WARN_DIRECT_OBJC_ISA_USAGE = YES_ERROR;
				CLANG_WARN_DOCUMENTATION_COMMENTS = YES;
				CLANG_WARN_EMPTY_BODY = YES;
				CLANG_WARN_ENUM_CONVERSION = YES;
				CLANG_WARN_INFINITE_RECURSION = YES;
				CLANG_WARN_INT_CONVERSION = YES;
				CLANG_WARN_NON_LITERAL_NULL_CONVERSION = YES;
				CLANG_WARN_OBJC_IMPLICIT_RETAIN_SELF = YES;
				CLANG_WARN_OBJC_LITERAL_CONVERSION = YES;
				CLANG_WARN_OBJC_ROOT_CLASS = YES_ERROR;
				CLANG_WARN_QUOTED_INCLUDE_IN_FRAMEWORK_HEADER = YES;
				CLANG_WARN_RANGE_LOOP_ANALYSIS = YES;
				CLANG_WARN_STRICT_PROTOTYPES = YES;
				CLANG_WARN_SUSPICIOUS_MOVE = YES;
				CLANG_WARN_UNGUARDED_AVAILABILITY = YES_AGGRESSIVE;
				CLANG_WARN_UNREACHABLE_CODE = YES;
				CLANG_WARN__DUPLICATE_METHOD_MATCH = YES;
				COPY_PHASE_STRIP = NO;
				DEBUG_INFORMATION_FORMAT = "dwarf-with-dsym";
				ENABLE_NS_ASSERTIONS = NO;
				ENABLE_STRICT_OBJC_MSGSEND = YES;
				GCC_C_LANGUAGE_STANDARD = gnu11;
				GCC_NO_COMMON_BLOCKS = YES;
				GCC_WARN_64_TO_32_BIT_CONVERSION = YES;
				GCC_WARN_ABOUT_RETURN_TYPE = YES_ERROR;
				GCC_WARN_UNDECLARED_SELECTOR = YES;
				GCC_WARN_UNINITIALIZED_AUTOS = YES_AGGRESSIVE;
				GCC_WARN_UNUSED_FUNCTION = YES;
				GCC_WARN_UNUSED_VARIABLE = YES;
				IPHONEOS_DEPLOYMENT_TARGET = 15.5;
				MTL_ENABLE_DEBUG_INFO = NO;
				MTL_FAST_MATH = YES;
				SDKROOT = iphoneos;
				SWIFT_COMPILATION_MODE = wholemodule;
				SWIFT_OPTIMIZATION_LEVEL = "-O";
				VALIDATE_PRODUCT = YES;
			};
			name = Release;
		};
		46F5CA752808C24000D58C41 /* Debug */ = {
			isa = XCBuildConfiguration;
			buildSettings = {
				ASSETCATALOG_COMPILER_APPICON_NAME = AppIcon;
				ASSETCATALOG_COMPILER_GLOBAL_ACCENT_COLOR_NAME = AccentColor;
				CODE_SIGN_ENTITLEMENTS = "test-app2/test-app2.entitlements";
				CODE_SIGN_STYLE = Automatic;
				CURRENT_PROJECT_VERSION = 1;
				DEVELOPMENT_ASSET_PATHS = "\"test-app2/Preview Content\"";
				DEVELOPMENT_TEAM = RB594D2V3K;
				ENABLE_PREVIEWS = YES;
				GENERATE_INFOPLIST_FILE = YES;
				INFOPLIST_FILE = "test-app2/Info.plist";
				INFOPLIST_KEY_UIApplicationSceneManifest_Generation = YES;
				INFOPLIST_KEY_UIApplicationSupportsIndirectInputEvents = YES;
				INFOPLIST_KEY_UILaunchScreen_Generation = YES;
				INFOPLIST_KEY_UISupportedInterfaceOrientations_iPad = "UIInterfaceOrientationPortrait UIInterfaceOrientationPortraitUpsideDown UIInterfaceOrientationLandscapeLeft UIInterfaceOrientationLandscapeRight";
				INFOPLIST_KEY_UISupportedInterfaceOrientations_iPhone = UIInterfaceOrientationPortrait;
				IPHONEOS_DEPLOYMENT_TARGET = 15.5;
				LD_RUNPATH_SEARCH_PATHS = (
					"$(inherited)",
					"@executable_path/Frameworks",
				);
				MARKETING_VERSION = 1.0;
				PRODUCT_BUNDLE_IDENTIFIER = "io.github.yonatangm.test-app";
				PRODUCT_NAME = "$(TARGET_NAME)";
				SWIFT_EMIT_LOC_STRINGS = YES;
				SWIFT_VERSION = 5.0;
				TARGETED_DEVICE_FAMILY = 1;
			};
			name = Debug;
		};
		46F5CA762808C24000D58C41 /* Release */ = {
			isa = XCBuildConfiguration;
			buildSettings = {
				ASSETCATALOG_COMPILER_APPICON_NAME = AppIcon;
				ASSETCATALOG_COMPILER_GLOBAL_ACCENT_COLOR_NAME = AccentColor;
				CODE_SIGN_ENTITLEMENTS = "test-app2/test-app2.entitlements";
				CODE_SIGN_STYLE = Automatic;
				CURRENT_PROJECT_VERSION = 1;
				DEVELOPMENT_ASSET_PATHS = "\"test-app2/Preview Content\"";
				DEVELOPMENT_TEAM = RB594D2V3K;
				ENABLE_PREVIEWS = YES;
				GENERATE_INFOPLIST_FILE = YES;
				INFOPLIST_FILE = "test-app2/Info.plist";
				INFOPLIST_KEY_UIApplicationSceneManifest_Generation = YES;
				INFOPLIST_KEY_UIApplicationSupportsIndirectInputEvents = YES;
				INFOPLIST_KEY_UILaunchScreen_Generation = YES;
				INFOPLIST_KEY_UISupportedInterfaceOrientations_iPad = "UIInterfaceOrientationPortrait UIInterfaceOrientationPortraitUpsideDown UIInterfaceOrientationLandscapeLeft UIInterfaceOrientationLandscapeRight";
				INFOPLIST_KEY_UISupportedInterfaceOrientations_iPhone = UIInterfaceOrientationPortrait;
				IPHONEOS_DEPLOYMENT_TARGET = 15.5;
				LD_RUNPATH_SEARCH_PATHS = (
					"$(inherited)",
					"@executable_path/Frameworks",
				);
				MARKETING_VERSION = 1.0;
				PRODUCT_BUNDLE_IDENTIFIER = "io.github.yonatangm.test-app";
				PRODUCT_NAME = "$(TARGET_NAME)";
				SWIFT_EMIT_LOC_STRINGS = YES;
				SWIFT_VERSION = 5.0;
				TARGETED_DEVICE_FAMILY = 1;
			};
			name = Release;
		};
/* End XCBuildConfiguration section */

/* Begin XCConfigurationList section */
		46F5CA612808C23E00D58C41 /* Build configuration list for PBXProject "test-app2" */ = {
			isa = XCConfigurationList;
			buildConfigurations = (
				46F5CA722808C24000D58C41 /* Debug */,
				46F5CA732808C24000D58C41 /* Release */,
			);
			defaultConfigurationIsVisible = 0;
			defaultConfigurationName = Release;
		};
		46F5CA742808C24000D58C41 /* Build configuration list for PBXNativeTarget "test-app2" */ = {
			isa = XCConfigurationList;
			buildConfigurations = (
				46F5CA752808C24000D58C41 /* Debug */,
				46F5CA762808C24000D58C41 /* Release */,
			);
			defaultConfigurationIsVisible = 0;
			defaultConfigurationName = Release;
		};
/* End XCConfigurationList section */

/* Begin XCRemoteSwiftPackageReference section */
		463FEF2A281D60F2005155EE /* XCRemoteSwiftPackageReference "JGProgressHUD-SwiftUI" */ = {
			isa = XCRemoteSwiftPackageReference;
			repositoryURL = "https://github.com/JonasGessner/JGProgressHUD-SwiftUI.git";
			requirement = {
				kind = upToNextMajorVersion;
				minimumVersion = 0.1.1;
			};
		};
		46F0CC3C280D993000BF1B4B /* XCRemoteSwiftPackageReference "SDWebImageSwiftUI" */ = {
			isa = XCRemoteSwiftPackageReference;
			repositoryURL = "https://github.com/SDWebImage/SDWebImageSwiftUI";
			requirement = {
				branch = master;
				kind = branch;
			};
		};
		9F5E969528EFC4AC00BBEB78 /* XCRemoteSwiftPackageReference "firebase-ios-sdk" */ = {
			isa = XCRemoteSwiftPackageReference;
			repositoryURL = "https://github.com/firebase/firebase-ios-sdk.git";
			requirement = {
				kind = upToNextMajorVersion;
				minimumVersion = 9.0.0;
			};
		};
/* End XCRemoteSwiftPackageReference section */

/* Begin XCSwiftPackageProductDependency section */
		463FEF2B281D60F2005155EE /* JGProgressHUD-SwiftUI */ = {
			isa = XCSwiftPackageProductDependency;
			package = 463FEF2A281D60F2005155EE /* XCRemoteSwiftPackageReference "JGProgressHUD-SwiftUI" */;
			productName = "JGProgressHUD-SwiftUI";
		};
		46F0CC3D280D993000BF1B4B /* SDWebImageSwiftUI */ = {
			isa = XCSwiftPackageProductDependency;
			package = 46F0CC3C280D993000BF1B4B /* XCRemoteSwiftPackageReference "SDWebImageSwiftUI" */;
			productName = SDWebImageSwiftUI;
		};
		9F5E969628EFC4AC00BBEB78 /* FirebaseAuth */ = {
			isa = XCSwiftPackageProductDependency;
			package = 9F5E969528EFC4AC00BBEB78 /* XCRemoteSwiftPackageReference "firebase-ios-sdk" */;
			productName = FirebaseAuth;
		};
		9F5E969828EFC4AC00BBEB78 /* FirebaseDatabase */ = {
			isa = XCSwiftPackageProductDependency;
			package = 9F5E969528EFC4AC00BBEB78 /* XCRemoteSwiftPackageReference "firebase-ios-sdk" */;
			productName = FirebaseDatabase;
		};
		9F5E969A28EFC4AC00BBEB78 /* FirebaseFunctions */ = {
			isa = XCSwiftPackageProductDependency;
			package = 9F5E969528EFC4AC00BBEB78 /* XCRemoteSwiftPackageReference "firebase-ios-sdk" */;
			productName = FirebaseFunctions;
		};
		9FA7F86B28E5E2E7004F6A66 /* SwiftyChat */ = {
			isa = XCSwiftPackageProductDependency;
			productName = SwiftyChat;
		};
/* End XCSwiftPackageProductDependency section */
	};
	rootObject = 46F5CA5E2808C23E00D58C41 /* Project object */;
}
